
Microsoft Visual Studio Solution File, Format Version 12.00
# Visual Studio Version 17
VisualStudioVersion = 17.3.32901.215
MinimumVisualStudioVersion = 10.0.40219.1
Project("{FAE04EC0-301F-11D3-BF4B-00C04F79EFBC}") = "Практика3", "Практика3\Практика3.csproj", "{126B0D5F-7517-44A4-B1B6-BA21B3EEBE20}"
EndProject
Global
	GlobalSection(SolutionConfigurationPlatforms) = preSolution
		Debug|Any CPU = Debug|Any CPU
		Release|Any CPU = Release|Any CPU
	EndGlobalSection
	GlobalSection(ProjectConfigurationPlatforms) = postSolution
		{126B0D5F-7517-44A4-B1B6-BA21B3EEBE20}.Debug|Any CPU.ActiveCfg = Debug|Any CPU
		{126B0D5F-7517-44A4-B1B6-BA21B3EEBE20}.Debug|Any CPU.Build.0 = Debug|Any CPU
		{126B0D5F-7517-44A4-B1B6-BA21B3EEBE20}.Release|Any CPU.ActiveCfg = Release|Any CPU
		{126B0D5F-7517-44A4-B1B6-BA21B3EEBE20}.Release|Any CPU.Build.0 = Release|Any CPU
	EndGlobalSection
	GlobalSection(SolutionProperties) = preSolution
		HideSolutionNode = FALSE
	EndGlobalSection
	GlobalSection(ExtensibilityGlobals) = postSolution
		SolutionGuid = {6945BD71-D428-45C4-A486-F7BA1343254F}
	EndGlobalSection
EndGlobal
